
Microsoft Visual Studio Solution File, Format Version 12.00
# Visual Studio 15
Project("{FAE04EC0-301F-11D3-BF4B-00C04F79EFBC}") = "ParkingSystem", "ParkingSystem\ParkingSystem.csproj", "{50E3F95B-4497-4BF6-A6E3-C607C9EE72EB}"
EndProject
Global
	GlobalSection(SolutionConfigurationPlatforms) = preSolution
		Debug|Any CPU = Debug|Any CPU
		Release|Any CPU = Release|Any CPU
	EndGlobalSection
	GlobalSection(ProjectConfigurationPlatforms) = postSolution
		{50E3F95B-4497-4BF6-A6E3-C607C9EE72EB}.Debug|Any CPU.ActiveCfg = Debug|Any CPU
		{50E3F95B-4497-4BF6-A6E3-C607C9EE72EB}.Debug|Any CPU.Build.0 = Debug|Any CPU
		{50E3F95B-4497-4BF6-A6E3-C607C9EE72EB}.Release|Any CPU.ActiveCfg = Release|Any CPU
		{50E3F95B-4497-4BF6-A6E3-C607C9EE72EB}.Release|Any CPU.Build.0 = Release|Any CPU
	EndGlobalSection
EndGlobal
